
Microsoft Visual Studio Solution File, Format Version 12.00
# Visual Studio Version 17
VisualStudioVersion = 17.14.37012.4 d17.14
MinimumVisualStudioVersion = 10.0.40219.1
Project("{F184B08F-C81C-45F6-A57F-5ABD9991F28F}") = "CWMS", "CWMS\CWMS.vbproj", "{D04613BB-9E85-428E-BD25-0CB06EF48047}"
EndProject
Global
	GlobalSection(SolutionConfigurationPlatforms) = preSolution
		Debug|Any CPU = Debug|Any CPU
		Release|Any CPU = Release|Any CPU
	EndGlobalSection
	GlobalSection(ProjectConfigurationPlatforms) = postSolution
		{D04613BB-9E85-428E-BD25-0CB06EF48047}.Debug|Any CPU.ActiveCfg = Debug|Any CPU
		{D04613BB-9E85-428E-BD25-0CB06EF48047}.Debug|Any CPU.Build.0 = Debug|Any CPU
		{D04613BB-9E85-428E-BD25-0CB06EF48047}.Release|Any CPU.ActiveCfg = Release|Any CPU
		{D04613BB-9E85-428E-BD25-0CB06EF48047}.Release|Any CPU.Build.0 = Release|Any CPU
	EndGlobalSection
	GlobalSection(SolutionProperties) = preSolution
		HideSolutionNode = FALSE
	EndGlobalSection
	GlobalSection(ExtensibilityGlobals) = postSolution
		SolutionGuid = {372C4268-87E1-4801-B90C-669C3D6363E8}
	EndGlobalSection
EndGlobal
